
Microsoft Visual Studio Solution File, Format Version 12.00
# Visual Studio Version 16
VisualStudioVersion = 16.0.29102.190
MinimumVisualStudioVersion = 10.0.40219.1
Project("{9A19103F-16F7-4668-BE54-9A1E7A4F7556}") = "Queue.Core", "Queue.Core\Queue.Core.csproj", "{163E7020-98DC-4ABF-9F0F-C2ABEB5039E3}"
EndProject
Project("{9A19103F-16F7-4668-BE54-9A1E7A4F7556}") = "Queue.Rabbit.Client", "Queue.Rabbit.Client\Queue.Rabbit.Client.csproj", "{BAC53D5B-A4B2-4EDF-9F4C-E1B9E83A3C02}"
EndProject
Project("{9A19103F-16F7-4668-BE54-9A1E7A4F7556}") = "Queue.Rabbit.Core", "Queue.Rabbit.Core\Queue.Rabbit.Core.csproj", "{D66E1CA4-0A27-4A18-8CAF-F1E55CCD3B47}"
EndProject
Project("{9A19103F-16F7-4668-BE54-9A1E7A4F7556}") = "Queue.Rabbit.Server", "Queue.Rabbit.Server\Queue.Rabbit.Server.csproj", "{EEF59716-4377-49B5-857A-30736F0D7C8A}"
EndProject
Project("{9A19103F-16F7-4668-BE54-9A1E7A4F7556}") = "Queue.Server.Abstractions", "Queue.SErver.Abstractions\Queue.Server.Abstractions.csproj", "{F9F2E268-3280-4EE0-91A1-D12FEC8DBADC}"
EndProject
Project("{9A19103F-16F7-4668-BE54-9A1E7A4F7556}") = "Test", "Test\Test.csproj", "{BCFA1EDD-D9E0-4B27-AF0A-5965633C1B21}"
EndProject
Project("{9A19103F-16F7-4668-BE54-9A1E7A4F7556}") = "Queue.Rabbit.Client.HttpClientBuilder", "Queue.Rabbit.Client.HttpClientBuilder\Queue.Rabbit.Client.HttpClientBuilder.csproj", "{4ACC2BE1-8F1F-49DE-B1D9-62346121F4EF}"
EndProject
Project("{9A19103F-16F7-4668-BE54-9A1E7A4F7556}") = "Queue.Nats.Server", "Queue.Nats.Server\Queue.Nats.Server.csproj", "{4EE62C2F-7A8A-493B-ADA3-45AF93984EA3}"
EndProject
Project("{9A19103F-16F7-4668-BE54-9A1E7A4F7556}") = "Queue.Nats.Client", "Queue.Nats.Client\Queue.Nats.Client.csproj", "{34533DE0-4168-43F3-8452-1BE055A3C30B}"
EndProject
Project("{9A19103F-16F7-4668-BE54-9A1E7A4F7556}") = "Queue.Nats.Core", "Queue.Nats.Core\Queue.Nats.Core.csproj", "{A925ACEC-1AFF-4673-BA80-23671906A9D3}"
EndProject
Project("{9A19103F-16F7-4668-BE54-9A1E7A4F7556}") = "Queue.Nats.Client.HttpClientBuilder", "Queue.Nats.Client.HttpClientBuilder\Queue.Nats.Client.HttpClientBuilder.csproj", "{61E7AADC-CAE2-4537-9FD1-A5CD2DE8F75D}"
EndProject
Project("{2150E333-8FDC-42A3-9474-1A3956D46DE8}") = "Kafka", "Kafka", "{8652EC7E-BE04-4BBA-9112-F948C48861DA}"
EndProject
Project("{2150E333-8FDC-42A3-9474-1A3956D46DE8}") = "Nats", "Nats", "{974A3090-F995-4D46-A5DA-792DC115C732}"
EndProject
Project("{2150E333-8FDC-42A3-9474-1A3956D46DE8}") = "Rabbit", "Rabbit", "{8C0CE096-6CF3-4B2E-859D-AAA1795B6C86}"
EndProject
Project("{9A19103F-16F7-4668-BE54-9A1E7A4F7556}") = "Queue.Kafka.Client", "Queue.Kafka.Client\Queue.Kafka.Client.csproj", "{30BFA602-DDF1-42C2-B592-231044C84F8B}"
EndProject
Project("{9A19103F-16F7-4668-BE54-9A1E7A4F7556}") = "Queue.Kafka.Server", "Queue.Kafka.Server\Queue.Kafka.Server.csproj", "{CB6AA551-18FD-423A-88CD-965BCB754503}"
EndProject
Project("{9A19103F-16F7-4668-BE54-9A1E7A4F7556}") = "Queue.Kafka.Core", "Queue.Kafka.Core\Queue.Kafka.Core.csproj", "{FD507371-90A7-4B3F-996D-FBD7F57F18EF}"
EndProject
Project("{9A19103F-16F7-4668-BE54-9A1E7A4F7556}") = "Queue.Kafka.Client.HttpClientBuilder", "Queue.Kafka.Client.HttpClientBuilder\Queue.Kafka.Client.HttpClientBuilder.csproj", "{9F5A8276-D18C-40D4-BE1D-4352C44142CD}"
EndProject
Project("{FAE04EC0-301F-11D3-BF4B-00C04F79EFBC}") = "Queue.Client", "Queue.Client\Queue.Client.csproj", "{E1EE651E-7328-4103-91DA-59D01A5BA766}"
EndProject
Global
	GlobalSection(SolutionConfigurationPlatforms) = preSolution
		Debug|Any CPU = Debug|Any CPU
		Release|Any CPU = Release|Any CPU
	EndGlobalSection
	GlobalSection(ProjectConfigurationPlatforms) = postSolution
		{163E7020-98DC-4ABF-9F0F-C2ABEB5039E3}.Debug|Any CPU.ActiveCfg = Debug|Any CPU
		{163E7020-98DC-4ABF-9F0F-C2ABEB5039E3}.Debug|Any CPU.Build.0 = Debug|Any CPU
		{163E7020-98DC-4ABF-9F0F-C2ABEB5039E3}.Release|Any CPU.ActiveCfg = Release|Any CPU
		{163E7020-98DC-4ABF-9F0F-C2ABEB5039E3}.Release|Any CPU.Build.0 = Release|Any CPU
		{BAC53D5B-A4B2-4EDF-9F4C-E1B9E83A3C02}.Debug|Any CPU.ActiveCfg = Debug|Any CPU
		{BAC53D5B-A4B2-4EDF-9F4C-E1B9E83A3C02}.Debug|Any CPU.Build.0 = Debug|Any CPU
		{BAC53D5B-A4B2-4EDF-9F4C-E1B9E83A3C02}.Release|Any CPU.ActiveCfg = Release|Any CPU
		{BAC53D5B-A4B2-4EDF-9F4C-E1B9E83A3C02}.Release|Any CPU.Build.0 = Release|Any CPU
		{D66E1CA4-0A27-4A18-8CAF-F1E55CCD3B47}.Debug|Any CPU.ActiveCfg = Debug|Any CPU
		{D66E1CA4-0A27-4A18-8CAF-F1E55CCD3B47}.Debug|Any CPU.Build.0 = Debug|Any CPU
		{D66E1CA4-0A27-4A18-8CAF-F1E55CCD3B47}.Release|Any CPU.ActiveCfg = Release|Any CPU
		{D66E1CA4-0A27-4A18-8CAF-F1E55CCD3B47}.Release|Any CPU.Build.0 = Release|Any CPU
		{EEF59716-4377-49B5-857A-30736F0D7C8A}.Debug|Any CPU.ActiveCfg = Debug|Any CPU
		{EEF59716-4377-49B5-857A-30736F0D7C8A}.Debug|Any CPU.Build.0 = Debug|Any CPU
		{EEF59716-4377-49B5-857A-30736F0D7C8A}.Release|Any CPU.ActiveCfg = Release|Any CPU
		{EEF59716-4377-49B5-857A-30736F0D7C8A}.Release|Any CPU.Build.0 = Release|Any CPU
		{F9F2E268-3280-4EE0-91A1-D12FEC8DBADC}.Debug|Any CPU.ActiveCfg = Debug|Any CPU
		{F9F2E268-3280-4EE0-91A1-D12FEC8DBADC}.Debug|Any CPU.Build.0 = Debug|Any CPU
		{F9F2E268-3280-4EE0-91A1-D12FEC8DBADC}.Release|Any CPU.ActiveCfg = Release|Any CPU
		{F9F2E268-3280-4EE0-91A1-D12FEC8DBADC}.Release|Any CPU.Build.0 = Release|Any CPU
		{BCFA1EDD-D9E0-4B27-AF0A-5965633C1B21}.Debug|Any CPU.ActiveCfg = Debug|Any CPU
		{BCFA1EDD-D9E0-4B27-AF0A-5965633C1B21}.Debug|Any CPU.Build.0 = Debug|Any CPU
		{BCFA1EDD-D9E0-4B27-AF0A-5965633C1B21}.Release|Any CPU.ActiveCfg = Release|Any CPU
		{BCFA1EDD-D9E0-4B27-AF0A-5965633C1B21}.Release|Any CPU.Build.0 = Release|Any CPU
		{4ACC2BE1-8F1F-49DE-B1D9-62346121F4EF}.Debug|Any CPU.ActiveCfg = Debug|Any CPU
		{4ACC2BE1-8F1F-49DE-B1D9-62346121F4EF}.Debug|Any CPU.Build.0 = Debug|Any CPU
		{4ACC2BE1-8F1F-49DE-B1D9-62346121F4EF}.Release|Any CPU.ActiveCfg = Release|Any CPU
		{4ACC2BE1-8F1F-49DE-B1D9-62346121F4EF}.Release|Any CPU.Build.0 = Release|Any CPU
		{4EE62C2F-7A8A-493B-ADA3-45AF93984EA3}.Debug|Any CPU.ActiveCfg = Debug|Any CPU
		{4EE62C2F-7A8A-493B-ADA3-45AF93984EA3}.Debug|Any CPU.Build.0 = Debug|Any CPU
		{4EE62C2F-7A8A-493B-ADA3-45AF93984EA3}.Release|Any CPU.ActiveCfg = Release|Any CPU
		{4EE62C2F-7A8A-493B-ADA3-45AF93984EA3}.Release|Any CPU.Build.0 = Release|Any CPU
		{34533DE0-4168-43F3-8452-1BE055A3C30B}.Debug|Any CPU.ActiveCfg = Debug|Any CPU
		{34533DE0-4168-43F3-8452-1BE055A3C30B}.Debug|Any CPU.Build.0 = Debug|Any CPU
		{34533DE0-4168-43F3-8452-1BE055A3C30B}.Release|Any CPU.ActiveCfg = Release|Any CPU
		{34533DE0-4168-43F3-8452-1BE055A3C30B}.Release|Any CPU.Build.0 = Release|Any CPU
		{A925ACEC-1AFF-4673-BA80-23671906A9D3}.Debug|Any CPU.ActiveCfg = Debug|Any CPU
		{A925ACEC-1AFF-4673-BA80-23671906A9D3}.Debug|Any CPU.Build.0 = Debug|Any CPU
		{A925ACEC-1AFF-4673-BA80-23671906A9D3}.Release|Any CPU.ActiveCfg = Release|Any CPU
		{A925ACEC-1AFF-4673-BA80-23671906A9D3}.Release|Any CPU.Build.0 = Release|Any CPU
		{61E7AADC-CAE2-4537-9FD1-A5CD2DE8F75D}.Debug|Any CPU.ActiveCfg = Debug|Any CPU
		{61E7AADC-CAE2-4537-9FD1-A5CD2DE8F75D}.Debug|Any CPU.Build.0 = Debug|Any CPU
		{61E7AADC-CAE2-4537-9FD1-A5CD2DE8F75D}.Release|Any CPU.ActiveCfg = Release|Any CPU
		{61E7AADC-CAE2-4537-9FD1-A5CD2DE8F75D}.Release|Any CPU.Build.0 = Release|Any CPU
		{30BFA602-DDF1-42C2-B592-231044C84F8B}.Debug|Any CPU.ActiveCfg = Debug|Any CPU
		{30BFA602-DDF1-42C2-B592-231044C84F8B}.Debug|Any CPU.Build.0 = Debug|Any CPU
		{30BFA602-DDF1-42C2-B592-231044C84F8B}.Release|Any CPU.ActiveCfg = Release|Any CPU
		{30BFA602-DDF1-42C2-B592-231044C84F8B}.Release|Any CPU.Build.0 = Release|Any CPU
		{CB6AA551-18FD-423A-88CD-965BCB754503}.Debug|Any CPU.ActiveCfg = Debug|Any CPU
		{CB6AA551-18FD-423A-88CD-965BCB754503}.Debug|Any CPU.Build.0 = Debug|Any CPU
		{CB6AA551-18FD-423A-88CD-965BCB754503}.Release|Any CPU.ActiveCfg = Release|Any CPU
		{CB6AA551-18FD-423A-88CD-965BCB754503}.Release|Any CPU.Build.0 = Release|Any CPU
		{FD507371-90A7-4B3F-996D-FBD7F57F18EF}.Debug|Any CPU.ActiveCfg = Debug|Any CPU
		{FD507371-90A7-4B3F-996D-FBD7F57F18EF}.Debug|Any CPU.Build.0 = Debug|Any CPU
		{FD507371-90A7-4B3F-996D-FBD7F57F18EF}.Release|Any CPU.ActiveCfg = Release|Any CPU
		{FD507371-90A7-4B3F-996D-FBD7F57F18EF}.Release|Any CPU.Build.0 = Release|Any CPU
		{9F5A8276-D18C-40D4-BE1D-4352C44142CD}.Debug|Any CPU.ActiveCfg = Debug|Any CPU
		{9F5A8276-D18C-40D4-BE1D-4352C44142CD}.Debug|Any CPU.Build.0 = Debug|Any CPU
		{9F5A8276-D18C-40D4-BE1D-4352C44142CD}.Release|Any CPU.ActiveCfg = Release|Any CPU
		{9F5A8276-D18C-40D4-BE1D-4352C44142CD}.Release|Any CPU.Build.0 = Release|Any CPU
		{E1EE651E-7328-4103-91DA-59D01A5BA766}.Debug|Any CPU.ActiveCfg = Debug|Any CPU
		{E1EE651E-7328-4103-91DA-59D01A5BA766}.Debug|Any CPU.Build.0 = Debug|Any CPU
		{E1EE651E-7328-4103-91DA-59D01A5BA766}.Release|Any CPU.ActiveCfg = Release|Any CPU
		{E1EE651E-7328-4103-91DA-59D01A5BA766}.Release|Any CPU.Build.0 = Release|Any CPU
	EndGlobalSection
	GlobalSection(SolutionProperties) = preSolution
		HideSolutionNode = FALSE
	EndGlobalSection
	GlobalSection(NestedProjects) = preSolution
		{BAC53D5B-A4B2-4EDF-9F4C-E1B9E83A3C02} = {8C0CE096-6CF3-4B2E-859D-AAA1795B6C86}
		{D66E1CA4-0A27-4A18-8CAF-F1E55CCD3B47} = {8C0CE096-6CF3-4B2E-859D-AAA1795B6C86}
		{EEF59716-4377-49B5-857A-30736F0D7C8A} = {8C0CE096-6CF3-4B2E-859D-AAA1795B6C86}
		{4ACC2BE1-8F1F-49DE-B1D9-62346121F4EF} = {8C0CE096-6CF3-4B2E-859D-AAA1795B6C86}
		{4EE62C2F-7A8A-493B-ADA3-45AF93984EA3} = {974A3090-F995-4D46-A5DA-792DC115C732}
		{34533DE0-4168-43F3-8452-1BE055A3C30B} = {974A3090-F995-4D46-A5DA-792DC115C732}
		{A925ACEC-1AFF-4673-BA80-23671906A9D3} = {974A3090-F995-4D46-A5DA-792DC115C732}
		{61E7AADC-CAE2-4537-9FD1-A5CD2DE8F75D} = {974A3090-F995-4D46-A5DA-792DC115C732}
		{30BFA602-DDF1-42C2-B592-231044C84F8B} = {8652EC7E-BE04-4BBA-9112-F948C48861DA}
		{CB6AA551-18FD-423A-88CD-965BCB754503} = {8652EC7E-BE04-4BBA-9112-F948C48861DA}
		{FD507371-90A7-4B3F-996D-FBD7F57F18EF} = {8652EC7E-BE04-4BBA-9112-F948C48861DA}
		{9F5A8276-D18C-40D4-BE1D-4352C44142CD} = {8652EC7E-BE04-4BBA-9112-F948C48861DA}
	EndGlobalSection
	GlobalSection(ExtensibilityGlobals) = postSolution
		SolutionGuid = {D6F450AC-27F3-41F0-AAE2-7DDECFACBF68}
	EndGlobalSection
EndGlobal
